
Microsoft Visual Studio Solution File, Format Version 12.00
# Visual Studio Version 17
VisualStudioVersion = 17.12.35506.116
MinimumVisualStudioVersion = 10.0.40219.1
Project("{9A19103F-16F7-4668-BE54-9A1E7A4F7556}") = "Library", "LibraryRecruitment\Library.csproj", "{8993505E-5FB6-42F2-BB2A-A880F87CFAD9}"
EndProject
Project("{54A90642-561A-4BB1-A94E-469ADEE60C69}") = "LibraryManager", "LibraryManagerUI\LibraryManager.esproj", "{9EDED091-A87B-40CE-849A-956B12F7DCB6}"
EndProject
Global
	GlobalSection(SolutionConfigurationPlatforms) = preSolution
		Debug|Any CPU = Debug|Any CPU
		Release|Any CPU = Release|Any CPU
	EndGlobalSection
	GlobalSection(ProjectConfigurationPlatforms) = postSolution
		{8993505E-5FB6-42F2-BB2A-A880F87CFAD9}.Debug|Any CPU.ActiveCfg = Debug|Any CPU
		{8993505E-5FB6-42F2-BB2A-A880F87CFAD9}.Debug|Any CPU.Build.0 = Debug|Any CPU
		{8993505E-5FB6-42F2-BB2A-A880F87CFAD9}.Release|Any CPU.ActiveCfg = Release|Any CPU
		{8993505E-5FB6-42F2-BB2A-A880F87CFAD9}.Release|Any CPU.Build.0 = Release|Any CPU
		{9EDED091-A87B-40CE-849A-956B12F7DCB6}.Debug|Any CPU.ActiveCfg = Debug|Any CPU
		{9EDED091-A87B-40CE-849A-956B12F7DCB6}.Debug|Any CPU.Build.0 = Debug|Any CPU
		{9EDED091-A87B-40CE-849A-956B12F7DCB6}.Debug|Any CPU.Deploy.0 = Debug|Any CPU
		{9EDED091-A87B-40CE-849A-956B12F7DCB6}.Release|Any CPU.ActiveCfg = Release|Any CPU
		{9EDED091-A87B-40CE-849A-956B12F7DCB6}.Release|Any CPU.Build.0 = Release|Any CPU
		{9EDED091-A87B-40CE-849A-956B12F7DCB6}.Release|Any CPU.Deploy.0 = Release|Any CPU
	EndGlobalSection
	GlobalSection(SolutionProperties) = preSolution
		HideSolutionNode = FALSE
	EndGlobalSection
	GlobalSection(ExtensibilityGlobals) = postSolution
		SolutionGuid = {F6D5B38B-534E-4F6C-8A13-BEA5C7A30CE3}
	EndGlobalSection
EndGlobal
